// !$*UTF8*$!
{
	archiveVersion = 1;
	classes = {
	};
	objectVersion = 63;
	objects = {

/* Begin PBXBuildFile section */
		EF6C194E2D48E7AA00ED61D4 /* Preview Assets.xcassets in Resources */ = {isa = PBXBuildFile; fileRef = EF6C19482D48E7AA00ED61D4 /* Preview Assets.xcassets */; };
		EF6C194F2D48E7AA00ED61D4 /* Assets.xcassets in Resources */ = {isa = PBXBuildFile; fileRef = EF6C194A2D48E7AA00ED61D4 /* Assets.xcassets */; };
		EF6C19502D48E7AA00ED61D4 /* HomeView.swift in Sources */ = {isa = PBXBuildFile; fileRef = EF6C194B2D48E7AA00ED61D4 /* HomeView.swift */; };
		EF6C19512D48E7AA00ED61D4 /* LetMeInApp.swift in Sources */ = {isa = PBXBuildFile; fileRef = EF6C194C2D48E7AA00ED61D4 /* LetMeInApp.swift */; };
		EF6C195A2D48E90D00ED61D4 /* LoginView.swift in Sources */ = {isa = PBXBuildFile; fileRef = EF6C19592D48E90D00ED61D4 /* LoginView.swift */; };
		EF6C195C2D49270700ED61D4 /* LoginViewModel.swift in Sources */ = {isa = PBXBuildFile; fileRef = EF6C195B2D4926FA00ED61D4 /* LoginViewModel.swift */; };
		EF6C195F2D492A4200ED61D4 /* UserSession.swift in Sources */ = {isa = PBXBuildFile; fileRef = EF6C195E2D492A2800ED61D4 /* UserSession.swift */; };
		EFA43A0A2D4948C50013D7A3 /* AuthenticationRepository.swift in Sources */ = {isa = PBXBuildFile; fileRef = EFA43A092D4948B60013D7A3 /* AuthenticationRepository.swift */; };
		EFA43A0C2D494A530013D7A3 /* AuthenticatedUser.swift in Sources */ = {isa = PBXBuildFile; fileRef = EFA43A0B2D494A4B0013D7A3 /* AuthenticatedUser.swift */; };
		EFA43A0F2D4955A70013D7A3 /* View+Extension.swift in Sources */ = {isa = PBXBuildFile; fileRef = EFA43A0E2D4955980013D7A3 /* View+Extension.swift */; };
		EFA43A172D495DA30013D7A3 /* Constant.swift in Sources */ = {isa = PBXBuildFile; fileRef = EFA43A162D495D9D0013D7A3 /* Constant.swift */; };
		EFA43A1B2D4963180013D7A3 /* MockAPIUser.swift in Sources */ = {isa = PBXBuildFile; fileRef = EFA43A1A2D4963060013D7A3 /* MockAPIUser.swift */; };
		EFA43A1D2D4966100013D7A3 /* UserDataService.swift in Sources */ = {isa = PBXBuildFile; fileRef = EFA43A1C2D4966000013D7A3 /* UserDataService.swift */; };
		EFBDFC752E684D600083C375 /* PasswordFieldView.swift in Sources */ = {isa = PBXBuildFile; fileRef = EFBDFC742E684D600083C375 /* PasswordFieldView.swift */; };
		EFBDFC772E685C060083C375 /* BasicButtonView.swift in Sources */ = {isa = PBXBuildFile; fileRef = EFBDFC762E685C060083C375 /* BasicButtonView.swift */; };
		EFF8A54F2D4A096C0027D59B /* MockAPIService.swift in Sources */ = {isa = PBXBuildFile; fileRef = EFF8A54E2D4A09640027D59B /* MockAPIService.swift */; };
		EFF8A5512D4A098B0027D59B /* MockAPIEndpoint.swift in Sources */ = {isa = PBXBuildFile; fileRef = EFF8A5502D4A09870027D59B /* MockAPIEndpoint.swift */; };
		EFF8A5532D4A0ADF0027D59B /* MockUserEndpoint.swift in Sources */ = {isa = PBXBuildFile; fileRef = EFF8A5522D4A0AD90027D59B /* MockUserEndpoint.swift */; };
		EFF8A5552D4A0C3A0027D59B /* AuthCredential.swift in Sources */ = {isa = PBXBuildFile; fileRef = EFF8A5542D4A0C300027D59B /* AuthCredential.swift */; };
		EFF8A5582D4A31A20027D59B /* MockAPIError.swift in Sources */ = {isa = PBXBuildFile; fileRef = EFF8A5572D4A319B0027D59B /* MockAPIError.swift */; };
		EFF8A55E2D4A344B0027D59B /* LoginViewModelTests.swift in Sources */ = {isa = PBXBuildFile; fileRef = EFF8A55D2D4A34440027D59B /* LoginViewModelTests.swift */; };
		EFF8A5602D4A35010027D59B /* MockAuthenticationRepository.swift in Sources */ = {isa = PBXBuildFile; fileRef = EFF8A55F2D4A34EA0027D59B /* MockAuthenticationRepository.swift */; };
		EFF8A5622D4A36950027D59B /* MockUserDataProvider.swift in Sources */ = {isa = PBXBuildFile; fileRef = EFF8A5612D4A368B0027D59B /* MockUserDataProvider.swift */; };
		EFF8A5652D4A43DA0027D59B /* MockError.swift in Sources */ = {isa = PBXBuildFile; fileRef = EFF8A5642D4A43CB0027D59B /* MockError.swift */; };
		EFF8A5682D4A455D0027D59B /* InFileAuthenticationRepositoryTests.swift in Sources */ = {isa = PBXBuildFile; fileRef = EFF8A5672D4A45460027D59B /* InFileAuthenticationRepositoryTests.swift */; };
		EFF8A56B2D4A550F0027D59B /* HomeViewModel.swift in Sources */ = {isa = PBXBuildFile; fileRef = EFF8A56A2D4A550A0027D59B /* HomeViewModel.swift */; };
		EFF8A5702D4A55F60027D59B /* HomeRepository.swift in Sources */ = {isa = PBXBuildFile; fileRef = EFF8A56F2D4A55F20027D59B /* HomeRepository.swift */; };
		EFF8A5732D4A94ED0027D59B /* HomeViewModelTests.swift in Sources */ = {isa = PBXBuildFile; fileRef = EFF8A5722D4A94E10027D59B /* HomeViewModelTests.swift */; };
		EFF8A5762D4A958C0027D59B /* MockHomeRepository.swift in Sources */ = {isa = PBXBuildFile; fileRef = EFF8A5752D4A95840027D59B /* MockHomeRepository.swift */; };
		EFF8A5782D4A99700027D59B /* InFileHomeRepositoryTests.swift in Sources */ = {isa = PBXBuildFile; fileRef = EFF8A5772D4A995A0027D59B /* InFileHomeRepositoryTests.swift */; };
/* End PBXBuildFile section */

/* Begin PBXContainerItemProxy section */
		EF6C192C2D48E74400ED61D4 /* PBXContainerItemProxy */ = {
			isa = PBXContainerItemProxy;
			containerPortal = EF6C19132D48E74300ED61D4 /* Project object */;
			proxyType = 1;
			remoteGlobalIDString = EF6C191A2D48E74300ED61D4;
			remoteInfo = LetMeIn;
		};
/* End PBXContainerItemProxy section */

/* Begin PBXFileReference section */
		EF6C191B2D48E74300ED61D4 /* LetMeIn.app */ = {isa = PBXFileReference; explicitFileType = wrapper.application; includeInIndex = 0; path = LetMeIn.app; sourceTree = BUILT_PRODUCTS_DIR; };
		EF6C192B2D48E74400ED61D4 /* LetMeInTests.xctest */ = {isa = PBXFileReference; explicitFileType = wrapper.cfbundle; includeInIndex = 0; path = LetMeInTests.xctest; sourceTree = BUILT_PRODUCTS_DIR; };
		EF6C19482D48E7AA00ED61D4 /* Preview Assets.xcassets */ = {isa = PBXFileReference; lastKnownFileType = folder.assetcatalog; path = "Preview Assets.xcassets"; sourceTree = "<group>"; };
		EF6C194A2D48E7AA00ED61D4 /* Assets.xcassets */ = {isa = PBXFileReference; lastKnownFileType = folder.assetcatalog; path = Assets.xcassets; sourceTree = "<group>"; };
		EF6C194B2D48E7AA00ED61D4 /* HomeView.swift */ = {isa = PBXFileReference; lastKnownFileType = sourcecode.swift; path = HomeView.swift; sourceTree = "<group>"; };
		EF6C194C2D48E7AA00ED61D4 /* LetMeInApp.swift */ = {isa = PBXFileReference; lastKnownFileType = sourcecode.swift; path = LetMeInApp.swift; sourceTree = "<group>"; };
		EF6C19592D48E90D00ED61D4 /* LoginView.swift */ = {isa = PBXFileReference; lastKnownFileType = sourcecode.swift; path = LoginView.swift; sourceTree = "<group>"; };
		EF6C195B2D4926FA00ED61D4 /* LoginViewModel.swift */ = {isa = PBXFileReference; lastKnownFileType = sourcecode.swift; path = LoginViewModel.swift; sourceTree = "<group>"; };
		EF6C195E2D492A2800ED61D4 /* UserSession.swift */ = {isa = PBXFileReference; lastKnownFileType = sourcecode.swift; path = UserSession.swift; sourceTree = "<group>"; };
		EFA43A092D4948B60013D7A3 /* AuthenticationRepository.swift */ = {isa = PBXFileReference; lastKnownFileType = sourcecode.swift; path = AuthenticationRepository.swift; sourceTree = "<group>"; };
		EFA43A0B2D494A4B0013D7A3 /* AuthenticatedUser.swift */ = {isa = PBXFileReference; lastKnownFileType = sourcecode.swift; path = AuthenticatedUser.swift; sourceTree = "<group>"; };
		EFA43A0E2D4955980013D7A3 /* View+Extension.swift */ = {isa = PBXFileReference; lastKnownFileType = sourcecode.swift; path = "View+Extension.swift"; sourceTree = "<group>"; };
		EFA43A162D495D9D0013D7A3 /* Constant.swift */ = {isa = PBXFileReference; lastKnownFileType = sourcecode.swift; path = Constant.swift; sourceTree = "<group>"; };
		EFA43A1A2D4963060013D7A3 /* MockAPIUser.swift */ = {isa = PBXFileReference; lastKnownFileType = sourcecode.swift; path = MockAPIUser.swift; sourceTree = "<group>"; };
		EFA43A1C2D4966000013D7A3 /* UserDataService.swift */ = {isa = PBXFileReference; lastKnownFileType = sourcecode.swift; path = UserDataService.swift; sourceTree = "<group>"; };
		EFBDFC742E684D600083C375 /* PasswordFieldView.swift */ = {isa = PBXFileReference; lastKnownFileType = sourcecode.swift; path = PasswordFieldView.swift; sourceTree = "<group>"; };
		EFBDFC762E685C060083C375 /* BasicButtonView.swift */ = {isa = PBXFileReference; lastKnownFileType = sourcecode.swift; path = BasicButtonView.swift; sourceTree = "<group>"; };
		EFF8A54E2D4A09640027D59B /* MockAPIService.swift */ = {isa = PBXFileReference; lastKnownFileType = sourcecode.swift; path = MockAPIService.swift; sourceTree = "<group>"; };
		EFF8A5502D4A09870027D59B /* MockAPIEndpoint.swift */ = {isa = PBXFileReference; lastKnownFileType = sourcecode.swift; path = MockAPIEndpoint.swift; sourceTree = "<group>"; };
		EFF8A5522D4A0AD90027D59B /* MockUserEndpoint.swift */ = {isa = PBXFileReference; lastKnownFileType = sourcecode.swift; path = MockUserEndpoint.swift; sourceTree = "<group>"; };
		EFF8A5542D4A0C300027D59B /* AuthCredential.swift */ = {isa = PBXFileReference; lastKnownFileType = sourcecode.swift; path = AuthCredential.swift; sourceTree = "<group>"; };
		EFF8A5572D4A319B0027D59B /* MockAPIError.swift */ = {isa = PBXFileReference; lastKnownFileType = sourcecode.swift; path = MockAPIError.swift; sourceTree = "<group>"; };
		EFF8A55D2D4A34440027D59B /* LoginViewModelTests.swift */ = {isa = PBXFileReference; lastKnownFileType = sourcecode.swift; path = LoginViewModelTests.swift; sourceTree = "<group>"; };
		EFF8A55F2D4A34EA0027D59B /* MockAuthenticationRepository.swift */ = {isa = PBXFileReference; lastKnownFileType = sourcecode.swift; path = MockAuthenticationRepository.swift; sourceTree = "<group>"; };
		EFF8A5612D4A368B0027D59B /* MockUserDataProvider.swift */ = {isa = PBXFileReference; lastKnownFileType = sourcecode.swift; path = MockUserDataProvider.swift; sourceTree = "<group>"; };
		EFF8A5642D4A43CB0027D59B /* MockError.swift */ = {isa = PBXFileReference; lastKnownFileType = sourcecode.swift; path = MockError.swift; sourceTree = "<group>"; };
		EFF8A5672D4A45460027D59B /* InFileAuthenticationRepositoryTests.swift */ = {isa = PBXFileReference; lastKnownFileType = sourcecode.swift; path = InFileAuthenticationRepositoryTests.swift; sourceTree = "<group>"; };
		EFF8A56A2D4A550A0027D59B /* HomeViewModel.swift */ = {isa = PBXFileReference; lastKnownFileType = sourcecode.swift; path = HomeViewModel.swift; sourceTree = "<group>"; };
		EFF8A56F2D4A55F20027D59B /* HomeRepository.swift */ = {isa = PBXFileReference; lastKnownFileType = sourcecode.swift; path = HomeRepository.swift; sourceTree = "<group>"; };
		EFF8A5722D4A94E10027D59B /* HomeViewModelTests.swift */ = {isa = PBXFileReference; lastKnownFileType = sourcecode.swift; path = HomeViewModelTests.swift; sourceTree = "<group>"; };
		EFF8A5752D4A95840027D59B /* MockHomeRepository.swift */ = {isa = PBXFileReference; lastKnownFileType = sourcecode.swift; path = MockHomeRepository.swift; sourceTree = "<group>"; };
		EFF8A5772D4A995A0027D59B /* InFileHomeRepositoryTests.swift */ = {isa = PBXFileReference; lastKnownFileType = sourcecode.swift; path = InFileHomeRepositoryTests.swift; sourceTree = "<group>"; };
		EFF8A5792D4A9C0B0027D59B /* LetMeInTests.xctestplan */ = {isa = PBXFileReference; lastKnownFileType = text; path = LetMeInTests.xctestplan; sourceTree = "<group>"; };
/* End PBXFileReference section */

/* Begin PBXFrameworksBuildPhase section */
		EF6C19182D48E74300ED61D4 /* Frameworks */ = {
			isa = PBXFrameworksBuildPhase;
			buildActionMask = 2147483647;
			files = (
			);
			runOnlyForDeploymentPostprocessing = 0;
		};
		EF6C19282D48E74400ED61D4 /* Frameworks */ = {
			isa = PBXFrameworksBuildPhase;
			buildActionMask = 2147483647;
			files = (
			);
			runOnlyForDeploymentPostprocessing = 0;
		};
/* End PBXFrameworksBuildPhase section */

/* Begin PBXGroup section */
		EF6C19122D48E74300ED61D4 = {
			isa = PBXGroup;
			children = (
				EF6C194D2D48E7AA00ED61D4 /* LetMeIn */,
				EF6C19532D48E7B300ED61D4 /* LetMeInTests */,
				EF6C191C2D48E74300ED61D4 /* Products */,
			);
			sourceTree = "<group>";
		};
		EF6C191C2D48E74300ED61D4 /* Products */ = {
			isa = PBXGroup;
			children = (
				EF6C191B2D48E74300ED61D4 /* LetMeIn.app */,
				EF6C192B2D48E74400ED61D4 /* LetMeInTests.xctest */,
			);
			name = Products;
			sourceTree = "<group>";
		};
		EF6C19492D48E7AA00ED61D4 /* Preview Content */ = {
			isa = PBXGroup;
			children = (
				EF6C19482D48E7AA00ED61D4 /* Preview Assets.xcassets */,
			);
			path = "Preview Content";
			sourceTree = "<group>";
		};
		EF6C194D2D48E7AA00ED61D4 /* LetMeIn */ = {
			isa = PBXGroup;
			children = (
				EFA43A152D495D5F0013D7A3 /* Common */,
				EFA43A102D4959800013D7A3 /* Services */,
				EFA43A0D2D49558E0013D7A3 /* Extensions */,
				EF6C195D2D492A2000ED61D4 /* Models */,
				EF6C19552D48E8D800ED61D4 /* Modules */,
				EF6C19492D48E7AA00ED61D4 /* Preview Content */,
				EF6C194A2D48E7AA00ED61D4 /* Assets.xcassets */,
				EF6C194C2D48E7AA00ED61D4 /* LetMeInApp.swift */,
			);
			path = LetMeIn;
			sourceTree = "<group>";
		};
		EF6C19532D48E7B300ED61D4 /* LetMeInTests */ = {
			isa = PBXGroup;
			children = (
				EFF8A5792D4A9C0B0027D59B /* LetMeInTests.xctestplan */,
				EFF8A5632D4A43980027D59B /* CommonMocks */,
				EFF8A55B2D4A341D0027D59B /* Modules */,
			);
			path = LetMeInTests;
			sourceTree = "<group>";
		};
		EF6C19552D48E8D800ED61D4 /* Modules */ = {
			isa = PBXGroup;
			children = (
				EFBDFC722E684D3E0083C375 /* Shared */,
				EFF8A5692D4A54E50027D59B /* Home */,
				EF6C19562D48E8E900ED61D4 /* Login */,
			);
			path = Modules;
			sourceTree = "<group>";
		};
		EF6C19562D48E8E900ED61D4 /* Login */ = {
			isa = PBXGroup;
			children = (
				EFA43A092D4948B60013D7A3 /* AuthenticationRepository.swift */,
				EF6C195B2D4926FA00ED61D4 /* LoginViewModel.swift */,
				EF6C19592D48E90D00ED61D4 /* LoginView.swift */,
			);
			path = Login;
			sourceTree = "<group>";
		};
		EF6C195D2D492A2000ED61D4 /* Models */ = {
			isa = PBXGroup;
			children = (
				EFF8A55A2D4A33C50027D59B /* Login */,
				EFF8A5592D4A32730027D59B /* MockNetworkModels */,
				EF6C195E2D492A2800ED61D4 /* UserSession.swift */,
			);
			path = Models;
			sourceTree = "<group>";
		};
		EFA43A0D2D49558E0013D7A3 /* Extensions */ = {
			isa = PBXGroup;
			children = (
				EFA43A0E2D4955980013D7A3 /* View+Extension.swift */,
			);
			path = Extensions;
			sourceTree = "<group>";
		};
		EFA43A102D4959800013D7A3 /* Services */ = {
			isa = PBXGroup;
			children = (
				EFF8A5562D4A317E0027D59B /* MockNetworkLayer */,
				EFA43A1C2D4966000013D7A3 /* UserDataService.swift */,
			);
			path = Services;
			sourceTree = "<group>";
		};
		EFA43A152D495D5F0013D7A3 /* Common */ = {
			isa = PBXGroup;
			children = (
				EFA43A162D495D9D0013D7A3 /* Constant.swift */,
			);
			path = Common;
			sourceTree = "<group>";
		};
		EFBDFC722E684D3E0083C375 /* Shared */ = {
			isa = PBXGroup;
			children = (
				EFBDFC732E684D460083C375 /* Views */,
			);
			path = Shared;
			sourceTree = "<group>";
		};
		EFBDFC732E684D460083C375 /* Views */ = {
			isa = PBXGroup;
			children = (
				EFBDFC762E685C060083C375 /* BasicButtonView.swift */,
				EFBDFC742E684D600083C375 /* PasswordFieldView.swift */,
			);
			path = Views;
			sourceTree = "<group>";
		};
		EFF8A5562D4A317E0027D59B /* MockNetworkLayer */ = {
			isa = PBXGroup;
			children = (
				EFF8A5572D4A319B0027D59B /* MockAPIError.swift */,
				EFF8A5502D4A09870027D59B /* MockAPIEndpoint.swift */,
				EFF8A54E2D4A09640027D59B /* MockAPIService.swift */,
				EFF8A5522D4A0AD90027D59B /* MockUserEndpoint.swift */,
			);
			path = MockNetworkLayer;
			sourceTree = "<group>";
		};
		EFF8A5592D4A32730027D59B /* MockNetworkModels */ = {
			isa = PBXGroup;
			children = (
				EFA43A1A2D4963060013D7A3 /* MockAPIUser.swift */,
			);
			path = MockNetworkModels;
			sourceTree = "<group>";
		};
		EFF8A55A2D4A33C50027D59B /* Login */ = {
			isa = PBXGroup;
			children = (
				EFA43A0B2D494A4B0013D7A3 /* AuthenticatedUser.swift */,
				EFF8A5542D4A0C300027D59B /* AuthCredential.swift */,
			);
			path = Login;
			sourceTree = "<group>";
		};
		EFF8A55B2D4A341D0027D59B /* Modules */ = {
			isa = PBXGroup;
			children = (
				EFF8A5712D4A94C70027D59B /* Home */,
				EFF8A55C2D4A34270027D59B /* Login */,
			);
			path = Modules;
			sourceTree = "<group>";
		};
		EFF8A55C2D4A34270027D59B /* Login */ = {
			isa = PBXGroup;
			children = (
				EFF8A5662D4A451C0027D59B /* Mocks */,
				EFF8A5672D4A45460027D59B /* InFileAuthenticationRepositoryTests.swift */,
				EFF8A55D2D4A34440027D59B /* LoginViewModelTests.swift */,
			);
			path = Login;
			sourceTree = "<group>";
		};
		EFF8A5632D4A43980027D59B /* CommonMocks */ = {
			isa = PBXGroup;
			children = (
				EFF8A5642D4A43CB0027D59B /* MockError.swift */,
				EFF8A5612D4A368B0027D59B /* MockUserDataProvider.swift */,
			);
			path = CommonMocks;
			sourceTree = "<group>";
		};
		EFF8A5662D4A451C0027D59B /* Mocks */ = {
			isa = PBXGroup;
			children = (
				EFF8A55F2D4A34EA0027D59B /* MockAuthenticationRepository.swift */,
			);
			path = Mocks;
			sourceTree = "<group>";
		};
		EFF8A5692D4A54E50027D59B /* Home */ = {
			isa = PBXGroup;
			children = (
				EFF8A56F2D4A55F20027D59B /* HomeRepository.swift */,
				EFF8A56A2D4A550A0027D59B /* HomeViewModel.swift */,
				EF6C194B2D48E7AA00ED61D4 /* HomeView.swift */,
			);
			path = Home;
			sourceTree = "<group>";
		};
		EFF8A5712D4A94C70027D59B /* Home */ = {
			isa = PBXGroup;
			children = (
				EFF8A5742D4A95610027D59B /* Mocks */,
				EFF8A5772D4A995A0027D59B /* InFileHomeRepositoryTests.swift */,
				EFF8A5722D4A94E10027D59B /* HomeViewModelTests.swift */,
			);
			path = Home;
			sourceTree = "<group>";
		};
		EFF8A5742D4A95610027D59B /* Mocks */ = {
			isa = PBXGroup;
			children = (
				EFF8A5752D4A95840027D59B /* MockHomeRepository.swift */,
			);
			path = Mocks;
			sourceTree = "<group>";
		};
/* End PBXGroup section */

/* Begin PBXNativeTarget section */
		EF6C191A2D48E74300ED61D4 /* LetMeIn */ = {
			isa = PBXNativeTarget;
			buildConfigurationList = EF6C193F2D48E74400ED61D4 /* Build configuration list for PBXNativeTarget "LetMeIn" */;
			buildPhases = (
				EF6C19172D48E74300ED61D4 /* Sources */,
				EF6C19182D48E74300ED61D4 /* Frameworks */,
				EF6C19192D48E74300ED61D4 /* Resources */,
			);
			buildRules = (
			);
			dependencies = (
			);
			name = LetMeIn;
			packageProductDependencies = (
			);
			productName = LetMeIn;
			productReference = EF6C191B2D48E74300ED61D4 /* LetMeIn.app */;
			productType = "com.apple.product-type.application";
		};
		EF6C192A2D48E74400ED61D4 /* LetMeInTests */ = {
			isa = PBXNativeTarget;
			buildConfigurationList = EF6C19422D48E74400ED61D4 /* Build configuration list for PBXNativeTarget "LetMeInTests" */;
			buildPhases = (
				EF6C19272D48E74400ED61D4 /* Sources */,
				EF6C19282D48E74400ED61D4 /* Frameworks */,
				EF6C19292D48E74400ED61D4 /* Resources */,
			);
			buildRules = (
			);
			dependencies = (
				EF6C192D2D48E74400ED61D4 /* PBXTargetDependency */,
			);
			name = LetMeInTests;
			packageProductDependencies = (
			);
			productName = LetMeInTests;
			productReference = EF6C192B2D48E74400ED61D4 /* LetMeInTests.xctest */;
			productType = "com.apple.product-type.bundle.unit-test";
		};
/* End PBXNativeTarget section */

/* Begin PBXProject section */
		EF6C19132D48E74300ED61D4 /* Project object */ = {
			isa = PBXProject;
			attributes = {
				BuildIndependentTargetsInParallel = 1;
				LastSwiftUpdateCheck = 1620;
				LastUpgradeCheck = 1620;
				TargetAttributes = {
					EF6C191A2D48E74300ED61D4 = {
						CreatedOnToolsVersion = 16.2;
					};
					EF6C192A2D48E74400ED61D4 = {
						CreatedOnToolsVersion = 16.2;
						TestTargetID = EF6C191A2D48E74300ED61D4;
					};
				};
			};
			buildConfigurationList = EF6C19162D48E74300ED61D4 /* Build configuration list for PBXProject "LetMeIn" */;
			compatibilityVersion = "Xcode 15.3";
			developmentRegion = en;
			hasScannedForEncodings = 0;
			knownRegions = (
				en,
				Base,
			);
			mainGroup = EF6C19122D48E74300ED61D4;
			minimizedProjectReferenceProxies = 1;
			productRefGroup = EF6C191C2D48E74300ED61D4 /* Products */;
			projectDirPath = "";
			projectRoot = "";
			targets = (
				EF6C191A2D48E74300ED61D4 /* LetMeIn */,
				EF6C192A2D48E74400ED61D4 /* LetMeInTests */,
			);
		};
/* End PBXProject section */

/* Begin PBXResourcesBuildPhase section */
		EF6C19192D48E74300ED61D4 /* Resources */ = {
			isa = PBXResourcesBuildPhase;
			buildActionMask = 2147483647;
			files = (
				EF6C194E2D48E7AA00ED61D4 /* Preview Assets.xcassets in Resources */,
				EF6C194F2D48E7AA00ED61D4 /* Assets.xcassets in Resources */,
			);
			runOnlyForDeploymentPostprocessing = 0;
		};
		EF6C19292D48E74400ED61D4 /* Resources */ = {
			isa = PBXResourcesBuildPhase;
			buildActionMask = 2147483647;
			files = (
			);
			runOnlyForDeploymentPostprocessing = 0;
		};
/* End PBXResourcesBuildPhase section */

/* Begin PBXSourcesBuildPhase section */
		EF6C19172D48E74300ED61D4 /* Sources */ = {
			isa = PBXSourcesBuildPhase;
			buildActionMask = 2147483647;
			files = (
				EFF8A56B2D4A550F0027D59B /* HomeViewModel.swift in Sources */,
				EFF8A5532D4A0ADF0027D59B /* MockUserEndpoint.swift in Sources */,
				EF6C195C2D49270700ED61D4 /* LoginViewModel.swift in Sources */,
				EFA43A1B2D4963180013D7A3 /* MockAPIUser.swift in Sources */,
				EF6C195F2D492A4200ED61D4 /* UserSession.swift in Sources */,
				EFA43A0F2D4955A70013D7A3 /* View+Extension.swift in Sources */,
				EFBDFC772E685C060083C375 /* BasicButtonView.swift in Sources */,
				EF6C195A2D48E90D00ED61D4 /* LoginView.swift in Sources */,
				EFA43A0A2D4948C50013D7A3 /* AuthenticationRepository.swift in Sources */,
				EFA43A1D2D4966100013D7A3 /* UserDataService.swift in Sources */,
				EFF8A5512D4A098B0027D59B /* MockAPIEndpoint.swift in Sources */,
				EFBDFC752E684D600083C375 /* PasswordFieldView.swift in Sources */,
				EF6C19502D48E7AA00ED61D4 /* HomeView.swift in Sources */,
				EFF8A54F2D4A096C0027D59B /* MockAPIService.swift in Sources */,
				EFF8A5582D4A31A20027D59B /* MockAPIError.swift in Sources */,
				EFF8A5552D4A0C3A0027D59B /* AuthCredential.swift in Sources */,
				EFA43A172D495DA30013D7A3 /* Constant.swift in Sources */,
				EF6C19512D48E7AA00ED61D4 /* LetMeInApp.swift in Sources */,
				EFF8A5702D4A55F60027D59B /* HomeRepository.swift in Sources */,
				EFA43A0C2D494A530013D7A3 /* AuthenticatedUser.swift in Sources */,
			);
			runOnlyForDeploymentPostprocessing = 0;
		};
		EF6C19272D48E74400ED61D4 /* Sources */ = {
			isa = PBXSourcesBuildPhase;
			buildActionMask = 2147483647;
			files = (
				EFF8A5762D4A958C0027D59B /* MockHomeRepository.swift in Sources */,
				EFF8A55E2D4A344B0027D59B /* LoginViewModelTests.swift in Sources */,
				EFF8A5682D4A455D0027D59B /* InFileAuthenticationRepositoryTests.swift in Sources */,
				EFF8A5652D4A43DA0027D59B /* MockError.swift in Sources */,
				EFF8A5602D4A35010027D59B /* MockAuthenticationRepository.swift in Sources */,
				EFF8A5782D4A99700027D59B /* InFileHomeRepositoryTests.swift in Sources */,
				EFF8A5622D4A36950027D59B /* MockUserDataProvider.swift in Sources */,
				EFF8A5732D4A94ED0027D59B /* HomeViewModelTests.swift in Sources */,
			);
			runOnlyForDeploymentPostprocessing = 0;
		};
/* End PBXSourcesBuildPhase section */

/* Begin PBXTargetDependency section */
		EF6C192D2D48E74400ED61D4 /* PBXTargetDependency */ = {
			isa = PBXTargetDependency;
			target = EF6C191A2D48E74300ED61D4 /* LetMeIn */;
			targetProxy = EF6C192C2D48E74400ED61D4 /* PBXContainerItemProxy */;
		};
/* End PBXTargetDependency section */

/* Begin XCBuildConfiguration section */
		EF6C193D2D48E74400ED61D4 /* Debug */ = {
			isa = XCBuildConfiguration;
			buildSettings = {
				ALWAYS_SEARCH_USER_PATHS = NO;
				ASSETCATALOG_COMPILER_GENERATE_SWIFT_ASSET_SYMBOL_EXTENSIONS = YES;
				CLANG_ANALYZER_NONNULL = YES;
				CLANG_ANALYZER_NUMBER_OBJECT_CONVERSION = YES_AGGRESSIVE;
				CLANG_CXX_LANGUAGE_STANDARD = "gnu++20";
				CLANG_ENABLE_MODULES = YES;
				CLANG_ENABLE_OBJC_ARC = YES;
				CLANG_ENABLE_OBJC_WEAK = YES;
				CLANG_WARN_BLOCK_CAPTURE_AUTORELEASING = YES;
				CLANG_WARN_BOOL_CONVERSION = YES;
				CLANG_WARN_COMMA = YES;
				CLANG_WARN_CONSTANT_CONVERSION = YES;
				CLANG_WARN_DEPRECATED_OBJC_IMPLEMENTATIONS = YES;
				CLANG_WARN_DIRECT_OBJC_ISA_USAGE = YES_ERROR;
				CLANG_WARN_DOCUMENTATION_COMMENTS = YES;
				CLANG_WARN_EMPTY_BODY = YES;
				CLANG_WARN_ENUM_CONVERSION = YES;
				CLANG_WARN_INFINITE_RECURSION = YES;
				CLANG_WARN_INT_CONVERSION = YES;
				CLANG_WARN_NON_LITERAL_NULL_CONVERSION = YES;
				CLANG_WARN_OBJC_IMPLICIT_RETAIN_SELF = YES;
				CLANG_WARN_OBJC_LITERAL_CONVERSION = YES;
				CLANG_WARN_OBJC_ROOT_CLASS = YES_ERROR;
				CLANG_WARN_QUOTED_INCLUDE_IN_FRAMEWORK_HEADER = YES;
				CLANG_WARN_RANGE_LOOP_ANALYSIS = YES;
				CLANG_WARN_STRICT_PROTOTYPES = YES;
				CLANG_WARN_SUSPICIOUS_MOVE = YES;
				CLANG_WARN_UNGUARDED_AVAILABILITY = YES_AGGRESSIVE;
				CLANG_WARN_UNREACHABLE_CODE = YES;
				CLANG_WARN__DUPLICATE_METHOD_MATCH = YES;
				COPY_PHASE_STRIP = NO;
				DEBUG_INFORMATION_FORMAT = dwarf;
				ENABLE_STRICT_OBJC_MSGSEND = YES;
				ENABLE_TESTABILITY = YES;
				ENABLE_USER_SCRIPT_SANDBOXING = YES;
				GCC_C_LANGUAGE_STANDARD = gnu17;
				GCC_DYNAMIC_NO_PIC = NO;
				GCC_NO_COMMON_BLOCKS = YES;
				GCC_OPTIMIZATION_LEVEL = 0;
				GCC_PREPROCESSOR_DEFINITIONS = (
					"DEBUG=1",
					"$(inherited)",
				);
				GCC_WARN_64_TO_32_BIT_CONVERSION = YES;
				GCC_WARN_ABOUT_RETURN_TYPE = YES_ERROR;
				GCC_WARN_UNDECLARED_SELECTOR = YES;
				GCC_WARN_UNINITIALIZED_AUTOS = YES_AGGRESSIVE;
				GCC_WARN_UNUSED_FUNCTION = YES;
				GCC_WARN_UNUSED_VARIABLE = YES;
				IPHONEOS_DEPLOYMENT_TARGET = 18.2;
				LOCALIZATION_PREFERS_STRING_CATALOGS = YES;
				MTL_ENABLE_DEBUG_INFO = INCLUDE_SOURCE;
				MTL_FAST_MATH = YES;
				ONLY_ACTIVE_ARCH = YES;
				SDKROOT = iphoneos;
				SWIFT_ACTIVE_COMPILATION_CONDITIONS = "DEBUG $(inherited)";
				SWIFT_OPTIMIZATION_LEVEL = "-Onone";
			};
			name = Debug;
		};
		EF6C193E2D48E74400ED61D4 /* Release */ = {
			isa = XCBuildConfiguration;
			buildSettings = {
				ALWAYS_SEARCH_USER_PATHS = NO;
				ASSETCATALOG_COMPILER_GENERATE_SWIFT_ASSET_SYMBOL_EXTENSIONS = YES;
				CLANG_ANALYZER_NONNULL = YES;
				CLANG_ANALYZER_NUMBER_OBJECT_CONVERSION = YES_AGGRESSIVE;
				CLANG_CXX_LANGUAGE_STANDARD = "gnu++20";
				CLANG_ENABLE_MODULES = YES;
				CLANG_ENABLE_OBJC_ARC = YES;
				CLANG_ENABLE_OBJC_WEAK = YES;
				CLANG_WARN_BLOCK_CAPTURE_AUTORELEASING = YES;
				CLANG_WARN_BOOL_CONVERSION = YES;
				CLANG_WARN_COMMA = YES;
				CLANG_WARN_CONSTANT_CONVERSION = YES;
				CLANG_WARN_DEPRECATED_OBJC_IMPLEMENTATIONS = YES;
				CLANG_WARN_DIRECT_OBJC_ISA_USAGE = YES_ERROR;
				CLANG_WARN_DOCUMENTATION_COMMENTS = YES;
				CLANG_WARN_EMPTY_BODY = YES;
				CLANG_WARN_ENUM_CONVERSION = YES;
				CLANG_WARN_INFINITE_RECURSION = YES;
				CLANG_WARN_INT_CONVERSION = YES;
				CLANG_WARN_NON_LITERAL_NULL_CONVERSION = YES;
				CLANG_WARN_OBJC_IMPLICIT_RETAIN_SELF = YES;
				CLANG_WARN_OBJC_LITERAL_CONVERSION = YES;
				CLANG_WARN_OBJC_ROOT_CLASS = YES_ERROR;
				CLANG_WARN_QUOTED_INCLUDE_IN_FRAMEWORK_HEADER = YES;
				CLANG_WARN_RANGE_LOOP_ANALYSIS = YES;
				CLANG_WARN_STRICT_PROTOTYPES = YES;
				CLANG_WARN_SUSPICIOUS_MOVE = YES;
				CLANG_WARN_UNGUARDED_AVAILABILITY = YES_AGGRESSIVE;
				CLANG_WARN_UNREACHABLE_CODE = YES;
				CLANG_WARN__DUPLICATE_METHOD_MATCH = YES;
				COPY_PHASE_STRIP = NO;
				DEBUG_INFORMATION_FORMAT = "dwarf-with-dsym";
				ENABLE_NS_ASSERTIONS = NO;
				ENABLE_STRICT_OBJC_MSGSEND = YES;
				ENABLE_USER_SCRIPT_SANDBOXING = YES;
				GCC_C_LANGUAGE_STANDARD = gnu17;
				GCC_NO_COMMON_BLOCKS = YES;
				GCC_WARN_64_TO_32_BIT_CONVERSION = YES;
				GCC_WARN_ABOUT_RETURN_TYPE = YES_ERROR;
				GCC_WARN_UNDECLARED_SELECTOR = YES;
				GCC_WARN_UNINITIALIZED_AUTOS = YES_AGGRESSIVE;
				GCC_WARN_UNUSED_FUNCTION = YES;
				GCC_WARN_UNUSED_VARIABLE = YES;
				IPHONEOS_DEPLOYMENT_TARGET = 18.2;
				LOCALIZATION_PREFERS_STRING_CATALOGS = YES;
				MTL_ENABLE_DEBUG_INFO = NO;
				MTL_FAST_MATH = YES;
				SDKROOT = iphoneos;
				SWIFT_COMPILATION_MODE = wholemodule;
				VALIDATE_PRODUCT = YES;
			};
			name = Release;
		};
		EF6C19402D48E74400ED61D4 /* Debug */ = {
			isa = XCBuildConfiguration;
			buildSettings = {
				ASSETCATALOG_COMPILER_APPICON_NAME = AppIcon;
				ASSETCATALOG_COMPILER_GLOBAL_ACCENT_COLOR_NAME = AccentColor;
				CODE_SIGN_STYLE = Automatic;
				CURRENT_PROJECT_VERSION = 1;
				DEVELOPMENT_ASSET_PATHS = "\"LetMeIn/Preview Content\"";
				DEVELOPMENT_TEAM = 64WRQPRMA9;
				ENABLE_PREVIEWS = YES;
				GENERATE_INFOPLIST_FILE = YES;
				INFOPLIST_KEY_UIApplicationSceneManifest_Generation = YES;
				INFOPLIST_KEY_UIApplicationSupportsIndirectInputEvents = YES;
				INFOPLIST_KEY_UILaunchScreen_Generation = YES;
				INFOPLIST_KEY_UISupportedInterfaceOrientations_iPad = "UIInterfaceOrientationPortrait UIInterfaceOrientationPortraitUpsideDown UIInterfaceOrientationLandscapeLeft UIInterfaceOrientationLandscapeRight";
				INFOPLIST_KEY_UISupportedInterfaceOrientations_iPhone = "UIInterfaceOrientationPortrait UIInterfaceOrientationLandscapeLeft UIInterfaceOrientationLandscapeRight";
				IPHONEOS_DEPLOYMENT_TARGET = 18.1;
				LD_RUNPATH_SEARCH_PATHS = (
					"$(inherited)",
					"@executable_path/Frameworks",
				);
				MARKETING_VERSION = 1.0;
				PRODUCT_BUNDLE_IDENTIFIER = com.mkmbayona.LetMeIn;
				PRODUCT_NAME = "$(TARGET_NAME)";
				SWIFT_EMIT_LOC_STRINGS = YES;
				SWIFT_VERSION = 5.0;
				TARGETED_DEVICE_FAMILY = "1,2";
			};
			name = Debug;
		};
		EF6C19412D48E74400ED61D4 /* Release */ = {
			isa = XCBuildConfiguration;
			buildSettings = {
				ASSETCATALOG_COMPILER_APPICON_NAME = AppIcon;
				ASSETCATALOG_COMPILER_GLOBAL_ACCENT_COLOR_NAME = AccentColor;
				CODE_SIGN_STYLE = Automatic;
				CURRENT_PROJECT_VERSION = 1;
				DEVELOPMENT_ASSET_PATHS = "\"LetMeIn/Preview Content\"";
				DEVELOPMENT_TEAM = 64WRQPRMA9;
				ENABLE_PREVIEWS = YES;
				GENERATE_INFOPLIST_FILE = YES;
				INFOPLIST_KEY_UIApplicationSceneManifest_Generation = YES;
				INFOPLIST_KEY_UIApplicationSupportsIndirectInputEvents = YES;
				INFOPLIST_KEY_UILaunchScreen_Generation = YES;
				INFOPLIST_KEY_UISupportedInterfaceOrientations_iPad = "UIInterfaceOrientationPortrait UIInterfaceOrientationPortraitUpsideDown UIInterfaceOrientationLandscapeLeft UIInterfaceOrientationLandscapeRight";
				INFOPLIST_KEY_UISupportedInterfaceOrientations_iPhone = "UIInterfaceOrientationPortrait UIInterfaceOrientationLandscapeLeft UIInterfaceOrientationLandscapeRight";
				IPHONEOS_DEPLOYMENT_TARGET = 18.1;
				LD_RUNPATH_SEARCH_PATHS = (
					"$(inherited)",
					"@executable_path/Frameworks",
				);
				MARKETING_VERSION = 1.0;
				PRODUCT_BUNDLE_IDENTIFIER = com.mkmbayona.LetMeIn;
				PRODUCT_NAME = "$(TARGET_NAME)";
				SWIFT_EMIT_LOC_STRINGS = YES;
				SWIFT_VERSION = 5.0;
				TARGETED_DEVICE_FAMILY = "1,2";
			};
			name = Release;
		};
		EF6C19432D48E74400ED61D4 /* Debug */ = {
			isa = XCBuildConfiguration;
			buildSettings = {
				BUNDLE_LOADER = "$(TEST_HOST)";
				CODE_SIGN_STYLE = Automatic;
				CURRENT_PROJECT_VERSION = 1;
				GENERATE_INFOPLIST_FILE = YES;
				IPHONEOS_DEPLOYMENT_TARGET = 18.2;
				MARKETING_VERSION = 1.0;
				PRODUCT_BUNDLE_IDENTIFIER = com.mkmbayona.LetMeInTests;
				PRODUCT_NAME = "$(TARGET_NAME)";
				SWIFT_EMIT_LOC_STRINGS = NO;
				SWIFT_VERSION = 5.0;
				TARGETED_DEVICE_FAMILY = "1,2";
				TEST_HOST = "$(BUILT_PRODUCTS_DIR)/LetMeIn.app/$(BUNDLE_EXECUTABLE_FOLDER_PATH)/LetMeIn";
			};
			name = Debug;
		};
		EF6C19442D48E74400ED61D4 /* Release */ = {
			isa = XCBuildConfiguration;
			buildSettings = {
				BUNDLE_LOADER = "$(TEST_HOST)";
				CODE_SIGN_STYLE = Automatic;
				CURRENT_PROJECT_VERSION = 1;
				GENERATE_INFOPLIST_FILE = YES;
				IPHONEOS_DEPLOYMENT_TARGET = 18.2;
				MARKETING_VERSION = 1.0;
				PRODUCT_BUNDLE_IDENTIFIER = com.mkmbayona.LetMeInTests;
				PRODUCT_NAME = "$(TARGET_NAME)";
				SWIFT_EMIT_LOC_STRINGS = NO;
				SWIFT_VERSION = 5.0;
				TARGETED_DEVICE_FAMILY = "1,2";
				TEST_HOST = "$(BUILT_PRODUCTS_DIR)/LetMeIn.app/$(BUNDLE_EXECUTABLE_FOLDER_PATH)/LetMeIn";
			};
			name = Release;
		};
/* End XCBuildConfiguration section */

/* Begin XCConfigurationList section */
		EF6C19162D48E74300ED61D4 /* Build configuration list for PBXProject "LetMeIn" */ = {
			isa = XCConfigurationList;
			buildConfigurations = (
				EF6C193D2D48E74400ED61D4 /* Debug */,
				EF6C193E2D48E74400ED61D4 /* Release */,
			);
			defaultConfigurationIsVisible = 0;
			defaultConfigurationName = Release;
		};
		EF6C193F2D48E74400ED61D4 /* Build configuration list for PBXNativeTarget "LetMeIn" */ = {
			isa = XCConfigurationList;
			buildConfigurations = (
				EF6C19402D48E74400ED61D4 /* Debug */,
				EF6C19412D48E74400ED61D4 /* Release */,
			);
			defaultConfigurationIsVisible = 0;
			defaultConfigurationName = Release;
		};
		EF6C19422D48E74400ED61D4 /* Build configuration list for PBXNativeTarget "LetMeInTests" */ = {
			isa = XCConfigurationList;
			buildConfigurations = (
				EF6C19432D48E74400ED61D4 /* Debug */,
				EF6C19442D48E74400ED61D4 /* Release */,
			);
			defaultConfigurationIsVisible = 0;
			defaultConfigurationName = Release;
		};
/* End XCConfigurationList section */
	};
	rootObject = EF6C19132D48E74300ED61D4 /* Project object */;
}
